
Microsoft Visual Studio Solution File, Format Version 12.00
# Visual Studio Version 17
VisualStudioVersion = 17.11.35312.102
MinimumVisualStudioVersion = 10.0.40219.1
Project("{FAE04EC0-301F-11D3-BF4B-00C04F79EFBC}") = "StudyTimer", "StudyTimer.csproj", "{CEE53BCF-1223-48B7-ADFB-16D6587BBB51}"
EndProject
Global
	GlobalSection(SolutionConfigurationPlatforms) = preSolution
		Debug|Any CPU = Debug|Any CPU
		Release|Any CPU = Release|Any CPU
	EndGlobalSection
	GlobalSection(ProjectConfigurationPlatforms) = postSolution
		{CEE53BCF-1223-48B7-ADFB-16D6587BBB51}.Debug|Any CPU.ActiveCfg = Debug|Any CPU
		{CEE53BCF-1223-48B7-ADFB-16D6587BBB51}.Debug|Any CPU.Build.0 = Debug|Any CPU
		{CEE53BCF-1223-48B7-ADFB-16D6587BBB51}.Release|Any CPU.ActiveCfg = Release|Any CPU
		{CEE53BCF-1223-48B7-ADFB-16D6587BBB51}.Release|Any CPU.Build.0 = Release|Any CPU
	EndGlobalSection
	GlobalSection(SolutionProperties) = preSolution
		HideSolutionNode = FALSE
	EndGlobalSection
	GlobalSection(ExtensibilityGlobals) = postSolution
		SolutionGuid = {C283EC96-C70B-4AB2-9221-A9531E4128A5}
	EndGlobalSection
EndGlobal
